
Microsoft Visual Studio Solution File, Format Version 12.00
# Visual Studio 2012
Project("{8BC9CEB8-8B4A-11D0-8D11-00A0C91BC942}") = "bbqshop", "bbqshop\bbqshop.vcxproj", "{B12702AD-ABFB-343A-A199-8E24837244A3}"
EndProject
Project("{8BC9CEB8-8B4A-11D0-8D11-00A0C91BC942}") = "ZHFuncLib", "ZHFuncLib\ZHFuncLib.vcxproj", "{52CE0339-D370-4CAA-919E-788C715D1B37}"
EndProject
Project("{8BC9CEB8-8B4A-11D0-8D11-00A0C91BC942}") = "AccountNumber", "AccountNumber\AccountNumber.vcxproj", "{30652FA1-9716-4800-8C95-10445D1DF660}"
EndProject
Project("{8BC9CEB8-8B4A-11D0-8D11-00A0C91BC942}") = "BbqUrlServer", "BbqUrlServer\BbqUrlServer.vcxproj", "{29A2176B-76CC-4056-8E8B-B7AE63409C8B}"
EndProject
Project("{8BC9CEB8-8B4A-11D0-8D11-00A0C91BC942}") = "JSON", "JSON\JSON.vcxproj", "{51F4EF1C-46ED-4A96-82A3-F5B3D1D5AD4C}"
EndProject
Project("{8BC9CEB8-8B4A-11D0-8D11-00A0C91BC942}") = "LibCurl", "LibCurl\LibCurl.vcxproj", "{5525BE67-FF8C-4FEB-A47D-E0AFC50EE590}"
EndProject
Project("{8BC9CEB8-8B4A-11D0-8D11-00A0C91BC942}") = "OCRProcess", "OCRProcess\OCRProcess.vcxproj", "{0D9C001C-7885-4D59-9A3D-8DF4A6327BF9}"
EndProject
Project("{8BC9CEB8-8B4A-11D0-8D11-00A0C91BC942}") = "PosPrinter", "PosPrinter\PosPrinter.vcxproj", "{FACC87C2-5FC9-4247-BFA0-14C5ACC4576C}"
EndProject
Project("{8BC9CEB8-8B4A-11D0-8D11-00A0C91BC942}") = "PosPrinterLPT", "PosPrinterLPT\PosPrinterLPT.vcxproj", "{FD2377DB-70E7-42BD-81DE-56924B4368FB}"
EndProject
Project("{8BC9CEB8-8B4A-11D0-8D11-00A0C91BC942}") = "ZHSettingRW", "ZHSettingRW\ZHSettingRW.vcxproj", "{225A36DC-CA4E-40DE-A0B0-4807B455A2F8}"
EndProject
Global
	GlobalSection(SolutionConfigurationPlatforms) = preSolution
		Debug|Win32 = Debug|Win32
		Release|Win32 = Release|Win32
	EndGlobalSection
	GlobalSection(ProjectConfigurationPlatforms) = postSolution
		{B12702AD-ABFB-343A-A199-8E24837244A3}.Debug|Win32.ActiveCfg = Debug|Win32
		{B12702AD-ABFB-343A-A199-8E24837244A3}.Debug|Win32.Build.0 = Debug|Win32
		{B12702AD-ABFB-343A-A199-8E24837244A3}.Release|Win32.ActiveCfg = Release|Win32
		{B12702AD-ABFB-343A-A199-8E24837244A3}.Release|Win32.Build.0 = Release|Win32
		{52CE0339-D370-4CAA-919E-788C715D1B37}.Debug|Win32.ActiveCfg = Debug|Win32
		{52CE0339-D370-4CAA-919E-788C715D1B37}.Debug|Win32.Build.0 = Debug|Win32
		{52CE0339-D370-4CAA-919E-788C715D1B37}.Release|Win32.ActiveCfg = Release|Win32
		{52CE0339-D370-4CAA-919E-788C715D1B37}.Release|Win32.Build.0 = Release|Win32
		{30652FA1-9716-4800-8C95-10445D1DF660}.Debug|Win32.ActiveCfg = Debug|Win32
		{30652FA1-9716-4800-8C95-10445D1DF660}.Debug|Win32.Build.0 = Debug|Win32
		{30652FA1-9716-4800-8C95-10445D1DF660}.Release|Win32.ActiveCfg = Release|Win32
		{30652FA1-9716-4800-8C95-10445D1DF660}.Release|Win32.Build.0 = Release|Win32
		{29A2176B-76CC-4056-8E8B-B7AE63409C8B}.Debug|Win32.ActiveCfg = Debug|Win32
		{29A2176B-76CC-4056-8E8B-B7AE63409C8B}.Debug|Win32.Build.0 = Debug|Win32
		{29A2176B-76CC-4056-8E8B-B7AE63409C8B}.Release|Win32.ActiveCfg = Release|Win32
		{29A2176B-76CC-4056-8E8B-B7AE63409C8B}.Release|Win32.Build.0 = Release|Win32
		{51F4EF1C-46ED-4A96-82A3-F5B3D1D5AD4C}.Debug|Win32.ActiveCfg = Debug|Win32
		{51F4EF1C-46ED-4A96-82A3-F5B3D1D5AD4C}.Debug|Win32.Build.0 = Debug|Win32
		{51F4EF1C-46ED-4A96-82A3-F5B3D1D5AD4C}.Release|Win32.ActiveCfg = Release|Win32
		{51F4EF1C-46ED-4A96-82A3-F5B3D1D5AD4C}.Release|Win32.Build.0 = Release|Win32
		{5525BE67-FF8C-4FEB-A47D-E0AFC50EE590}.Debug|Win32.ActiveCfg = Debug|Win32
		{5525BE67-FF8C-4FEB-A47D-E0AFC50EE590}.Debug|Win32.Build.0 = Debug|Win32
		{5525BE67-FF8C-4FEB-A47D-E0AFC50EE590}.Release|Win32.ActiveCfg = Release|Win32
		{5525BE67-FF8C-4FEB-A47D-E0AFC50EE590}.Release|Win32.Build.0 = Release|Win32
		{0D9C001C-7885-4D59-9A3D-8DF4A6327BF9}.Debug|Win32.ActiveCfg = Debug|Win32
		{0D9C001C-7885-4D59-9A3D-8DF4A6327BF9}.Debug|Win32.Build.0 = Debug|Win32
		{0D9C001C-7885-4D59-9A3D-8DF4A6327BF9}.Release|Win32.ActiveCfg = Release|Win32
		{0D9C001C-7885-4D59-9A3D-8DF4A6327BF9}.Release|Win32.Build.0 = Release|Win32
		{FACC87C2-5FC9-4247-BFA0-14C5ACC4576C}.Debug|Win32.ActiveCfg = Debug|Win32
		{FACC87C2-5FC9-4247-BFA0-14C5ACC4576C}.Debug|Win32.Build.0 = Debug|Win32
		{FACC87C2-5FC9-4247-BFA0-14C5ACC4576C}.Release|Win32.ActiveCfg = Release|Win32
		{FACC87C2-5FC9-4247-BFA0-14C5ACC4576C}.Release|Win32.Build.0 = Release|Win32
		{FD2377DB-70E7-42BD-81DE-56924B4368FB}.Debug|Win32.ActiveCfg = Debug|Win32
		{FD2377DB-70E7-42BD-81DE-56924B4368FB}.Debug|Win32.Build.0 = Debug|Win32
		{FD2377DB-70E7-42BD-81DE-56924B4368FB}.Release|Win32.ActiveCfg = Release|Win32
		{FD2377DB-70E7-42BD-81DE-56924B4368FB}.Release|Win32.Build.0 = Release|Win32
		{225A36DC-CA4E-40DE-A0B0-4807B455A2F8}.Debug|Win32.ActiveCfg = Debug|Win32
		{225A36DC-CA4E-40DE-A0B0-4807B455A2F8}.Debug|Win32.Build.0 = Debug|Win32
		{225A36DC-CA4E-40DE-A0B0-4807B455A2F8}.Release|Win32.ActiveCfg = Release|Win32
		{225A36DC-CA4E-40DE-A0B0-4807B455A2F8}.Release|Win32.Build.0 = Release|Win32
	EndGlobalSection
	GlobalSection(SolutionProperties) = preSolution
		HideSolutionNode = FALSE
	EndGlobalSection
EndGlobal
